
Microsoft Visual Studio Solution File, Format Version 12.00
# Visual Studio Version 17
VisualStudioVersion = 17.7.34221.43
MinimumVisualStudioVersion = 10.0.40219.1
Project("{FAE04EC0-301F-11D3-BF4B-00C04F79EFBC}") = "Group8FinalProject", "Group8FinalProject\Group8FinalProject.csproj", "{B88EC69A-6B70-4427-97D8-1C0FF43C955A}"
EndProject
Global
	GlobalSection(SolutionConfigurationPlatforms) = preSolution
		Debug|Any CPU = Debug|Any CPU
		Release|Any CPU = Release|Any CPU
	EndGlobalSection
	GlobalSection(ProjectConfigurationPlatforms) = postSolution
		{B88EC69A-6B70-4427-97D8-1C0FF43C955A}.Debug|Any CPU.ActiveCfg = Debug|Any CPU
		{B88EC69A-6B70-4427-97D8-1C0FF43C955A}.Debug|Any CPU.Build.0 = Debug|Any CPU
		{B88EC69A-6B70-4427-97D8-1C0FF43C955A}.Release|Any CPU.ActiveCfg = Release|Any CPU
		{B88EC69A-6B70-4427-97D8-1C0FF43C955A}.Release|Any CPU.Build.0 = Release|Any CPU
	EndGlobalSection
	GlobalSection(SolutionProperties) = preSolution
		HideSolutionNode = FALSE
	EndGlobalSection
	GlobalSection(ExtensibilityGlobals) = postSolution
		SolutionGuid = {1016AFCC-9154-4141-B88B-5F53DAD4731D}
	EndGlobalSection
EndGlobal
